Microsoft Visual Studio Solution File, Format Version 12.00
# Visual Studio Version 17
VisualStudioVersion = 17.0.31903.59
MinimumVisualStudioVersion = 10.0.40219.1
Project("{ED5681AD-2A03-48E0-9799-A8A7DCFC9BC0}") = "Project_6661aa9a72be4f949448b8353d0fcf23_20250606142047498726", "Project_6661aa9a72be4f949448b8353d0fcf23_20250606142047498726.csproj", "{ED5681AD-2A03-48E0-9799-A8A7DCFC9BC0}"
EndProject
Global
    GlobalSection(SolutionConfigurationPlatforms) = preSolution
        Debug|Any CPU = Debug|Any CPU
        Release|Any CPU = Release|Any CPU
    EndGlobalSection
    GlobalSection(ProjectConfigurationPlatforms) = postSolution
        {ED5681AD-2A03-48E0-9799-A8A7DCFC9BC0}.Debug|Any CPU.ActiveCfg = Debug|Any CPU
        {ED5681AD-2A03-48E0-9799-A8A7DCFC9BC0}.Debug|Any CPU.Build.0 = Debug|Any CPU
        {ED5681AD-2A03-48E0-9799-A8A7DCFC9BC0}.Release|Any CPU.ActiveCfg = Release|Any CPU
        {ED5681AD-2A03-48E0-9799-A8A7DCFC9BC0}.Release|Any CPU.Build.0 = Release|Any CPU
    EndGlobalSection
EndGlobal